
Microsoft Visual Studio Solution File, Format Version 12.00
# Visual Studio Version 17
VisualStudioVersion = 17.3.32825.248
MinimumVisualStudioVersion = 10.0.40219.1
Project("{9A19103F-16F7-4668-BE54-9A1E7A4F7556}") = "DoAn", "DoAn\DoAn.csproj", "{CDA88270-487C-415E-AAF8-34C8C5F165A2}"
EndProject
Project("{FAE04EC0-301F-11D3-BF4B-00C04F79EFBC}") = "GOI", "GOI\GOI.csproj", "{0E19FFC8-140A-4AC4-9D0A-E522B0475BBF}"
EndProject
Global
	GlobalSection(SolutionConfigurationPlatforms) = preSolution
		Debug|Any CPU = Debug|Any CPU
		Release|Any CPU = Release|Any CPU
	EndGlobalSection
	GlobalSection(ProjectConfigurationPlatforms) = postSolution
		{CDA88270-487C-415E-AAF8-34C8C5F165A2}.Debug|Any CPU.ActiveCfg = Debug|Any CPU
		{CDA88270-487C-415E-AAF8-34C8C5F165A2}.Debug|Any CPU.Build.0 = Debug|Any CPU
		{CDA88270-487C-415E-AAF8-34C8C5F165A2}.Release|Any CPU.ActiveCfg = Release|Any CPU
		{CDA88270-487C-415E-AAF8-34C8C5F165A2}.Release|Any CPU.Build.0 = Release|Any CPU
		{0E19FFC8-140A-4AC4-9D0A-E522B0475BBF}.Debug|Any CPU.ActiveCfg = Debug|Any CPU
		{0E19FFC8-140A-4AC4-9D0A-E522B0475BBF}.Debug|Any CPU.Build.0 = Debug|Any CPU
		{0E19FFC8-140A-4AC4-9D0A-E522B0475BBF}.Release|Any CPU.ActiveCfg = Release|Any CPU
		{0E19FFC8-140A-4AC4-9D0A-E522B0475BBF}.Release|Any CPU.Build.0 = Release|Any CPU
	EndGlobalSection
	GlobalSection(SolutionProperties) = preSolution
		HideSolutionNode = FALSE
	EndGlobalSection
	GlobalSection(ExtensibilityGlobals) = postSolution
		SolutionGuid = {856F3F84-3117-4829-9CC8-DA37EE998477}
	EndGlobalSection
EndGlobal
