
Microsoft Visual Studio Solution File, Format Version 12.00
# Visual Studio Version 17
VisualStudioVersion = 17.3.32825.248
MinimumVisualStudioVersion = 10.0.40219.1
Project("{FAE04EC0-301F-11D3-BF4B-00C04F79EFBC}") = "Server", "Server\Server.csproj", "{042EC6D8-1809-423B-856A-556A2F1EA684}"
EndProject
Project("{FAE04EC0-301F-11D3-BF4B-00C04F79EFBC}") = "GOI", "GOI\GOI.csproj", "{4AE01EBB-E4AE-4241-907A-D858BD91F218}"
EndProject
Global
	GlobalSection(SolutionConfigurationPlatforms) = preSolution
		Debug|Any CPU = Debug|Any CPU
		Release|Any CPU = Release|Any CPU
	EndGlobalSection
	GlobalSection(ProjectConfigurationPlatforms) = postSolution
		{042EC6D8-1809-423B-856A-556A2F1EA684}.Debug|Any CPU.ActiveCfg = Debug|Any CPU
		{042EC6D8-1809-423B-856A-556A2F1EA684}.Debug|Any CPU.Build.0 = Debug|Any CPU
		{042EC6D8-1809-423B-856A-556A2F1EA684}.Release|Any CPU.ActiveCfg = Release|Any CPU
		{042EC6D8-1809-423B-856A-556A2F1EA684}.Release|Any CPU.Build.0 = Release|Any CPU
		{4AE01EBB-E4AE-4241-907A-D858BD91F218}.Debug|Any CPU.ActiveCfg = Debug|Any CPU
		{4AE01EBB-E4AE-4241-907A-D858BD91F218}.Debug|Any CPU.Build.0 = Debug|Any CPU
		{4AE01EBB-E4AE-4241-907A-D858BD91F218}.Release|Any CPU.ActiveCfg = Release|Any CPU
		{4AE01EBB-E4AE-4241-907A-D858BD91F218}.Release|Any CPU.Build.0 = Release|Any CPU
	EndGlobalSection
	GlobalSection(SolutionProperties) = preSolution
		HideSolutionNode = FALSE
	EndGlobalSection
	GlobalSection(ExtensibilityGlobals) = postSolution
		SolutionGuid = {95FE0F66-7CEE-4961-92B3-D213B3DF973C}
	EndGlobalSection
EndGlobal
